
Microsoft Visual Studio Solution File, Format Version 12.00
# Visual Studio Version 16
VisualStudioVersion = 16.0.31129.286
MinimumVisualStudioVersion = 10.0.40219.1
Project("{FAE04EC0-301F-11D3-BF4B-00C04F79EFBC}") = "CSBasic", "CSBasic\CSBasic.csproj", "{F8D7B07C-36CF-49D2-9D3E-A1F25EFA8CC6}"
EndProject
Global
	GlobalSection(SolutionConfigurationPlatforms) = preSolution
		Debug|Any CPU = Debug|Any CPU
		Release|Any CPU = Release|Any CPU
	EndGlobalSection
	GlobalSection(ProjectConfigurationPlatforms) = postSolution
		{F8D7B07C-36CF-49D2-9D3E-A1F25EFA8CC6}.Debug|Any CPU.ActiveCfg = Debug|Any CPU
		{F8D7B07C-36CF-49D2-9D3E-A1F25EFA8CC6}.Debug|Any CPU.Build.0 = Debug|Any CPU
		{F8D7B07C-36CF-49D2-9D3E-A1F25EFA8CC6}.Release|Any CPU.ActiveCfg = Release|Any CPU
		{F8D7B07C-36CF-49D2-9D3E-A1F25EFA8CC6}.Release|Any CPU.Build.0 = Release|Any CPU
	EndGlobalSection
	GlobalSection(SolutionProperties) = preSolution
		HideSolutionNode = FALSE
	EndGlobalSection
	GlobalSection(ExtensibilityGlobals) = postSolution
		SolutionGuid = {1F1EEC96-A120-4D44-B640-F8DBB8B00301}
	EndGlobalSection
EndGlobal
