
Microsoft Visual Studio Solution File, Format Version 12.00
# Visual Studio Version 16
VisualStudioVersion = 16.0.31613.86
MinimumVisualStudioVersion = 10.0.40219.1
Project("{FAE04EC0-301F-11D3-BF4B-00C04F79EFBC}") = "FormPrac", "FormPrac\FormPrac.csproj", "{885DCD87-9E3B-404A-8F8A-3A75D76B639C}"
EndProject
Global
	GlobalSection(SolutionConfigurationPlatforms) = preSolution
		Debug|Any CPU = Debug|Any CPU
		Release|Any CPU = Release|Any CPU
	EndGlobalSection
	GlobalSection(ProjectConfigurationPlatforms) = postSolution
		{885DCD87-9E3B-404A-8F8A-3A75D76B639C}.Debug|Any CPU.ActiveCfg = Debug|Any CPU
		{885DCD87-9E3B-404A-8F8A-3A75D76B639C}.Debug|Any CPU.Build.0 = Debug|Any CPU
		{885DCD87-9E3B-404A-8F8A-3A75D76B639C}.Release|Any CPU.ActiveCfg = Release|Any CPU
		{885DCD87-9E3B-404A-8F8A-3A75D76B639C}.Release|Any CPU.Build.0 = Release|Any CPU
	EndGlobalSection
	GlobalSection(SolutionProperties) = preSolution
		HideSolutionNode = FALSE
	EndGlobalSection
	GlobalSection(ExtensibilityGlobals) = postSolution
		SolutionGuid = {25341CFB-112D-4978-9DA7-FD1E7E48204C}
	EndGlobalSection
EndGlobal
